
Microsoft Visual Studio Solution File, Format Version 12.00
# Visual Studio Version 17
VisualStudioVersion = 17.9.34723.18
MinimumVisualStudioVersion = 10.0.40219.1
Project("{C9674DCB-5085-4A16-B785-4C70DD1589BD}") = "ETLv2", "ETLv2.dtproj", "{AABCB1CA-BE96-4DD4-B101-8058901534CB}"
EndProject
Global
	GlobalSection(SolutionConfigurationPlatforms) = preSolution
		Development|Default = Development|Default
	EndGlobalSection
	GlobalSection(ProjectConfigurationPlatforms) = postSolution
		{AABCB1CA-BE96-4DD4-B101-8058901534CB}.Development|Default.ActiveCfg = Development
		{AABCB1CA-BE96-4DD4-B101-8058901534CB}.Development|Default.Build.0 = Development
	EndGlobalSection
	GlobalSection(SolutionProperties) = preSolution
		HideSolutionNode = FALSE
	EndGlobalSection
	GlobalSection(ExtensibilityGlobals) = postSolution
		SolutionGuid = {420DBB21-2FE0-450A-8848-38396F7FB354}
	EndGlobalSection
EndGlobal
